// !$*UTF8*$!
{
	archiveVersion = 1;
	classes = {
	};
	objectVersion = 46;
	objects = {

/* Begin PBXBuildFile section */
		A7A0D3271A714EA300814433 /* Foundation.framework in Frameworks */ = {isa = PBXBuildFile; fileRef = A7A0D3261A714EA300814433 /* Foundation.framework */; };
		A7A0D3291A714EA300814433 /* CoreGraphics.framework in Frameworks */ = {isa = PBXBuildFile; fileRef = A7A0D3281A714EA300814433 /* CoreGraphics.framework */; };
		A7A0D32B1A714EA300814433 /* UIKit.framework in Frameworks */ = {isa = PBXBuildFile; fileRef = A7A0D32A1A714EA300814433 /* UIKit.framework */; };
		A7A0D3311A714EA300814433 /* InfoPlist.strings in Resources */ = {isa = PBXBuildFile; fileRef = A7A0D32F1A714EA300814433 /* InfoPlist.strings */; };
		A7A0D3331A714EA300814433 /* main.m in Sources */ = {isa = PBXBuildFile; fileRef = A7A0D3321A714EA300814433 /* main.m */; };
		A7A0D3371A714EA300814433 /* AppDelegate.m in Sources */ = {isa = PBXBuildFile; fileRef = A7A0D3361A714EA300814433 /* AppDelegate.m */; };
		A7A0D33A1A714EA300814433 /* Main.storyboard in Resources */ = {isa = PBXBuildFile; fileRef = A7A0D3381A714EA300814433 /* Main.storyboard */; };
		A7A0D33F1A714EA300814433 /* Images.xcassets in Resources */ = {isa = PBXBuildFile; fileRef = A7A0D33E1A714EA300814433 /* Images.xcassets */; };
		A7A0D3461A714EA300814433 /* XCTest.framework in Frameworks */ = {isa = PBXBuildFile; fileRef = A7A0D3451A714EA300814433 /* XCTest.framework */; };
		A7A0D3471A714EA300814433 /* Foundation.framework in Frameworks */ = {isa = PBXBuildFile; fileRef = A7A0D3261A714EA300814433 /* Foundation.framework */; };
		A7A0D3481A714EA300814433 /* UIKit.framework in Frameworks */ = {isa = PBXBuildFile; fileRef = A7A0D32A1A714EA300814433 /* UIKit.framework */; };
		A7A0D3501A714EA300814433 /* InfoPlist.strings in Resources */ = {isa = PBXBuildFile; fileRef = A7A0D34E1A714EA300814433 /* InfoPlist.strings */; };
		A7A0D3521A714EA300814433 /* InstagramExerciseTests.m in Sources */ = {isa = PBXBuildFile; fileRef = A7A0D3511A714EA300814433 /* InstagramExerciseTests.m */; };
		A7D81F6C1A71B1C60093B935 /* CollectionViewCell.m in Sources */ = {isa = PBXBuildFile; fileRef = A7D81F611A71B1C60093B935 /* CollectionViewCell.m */; };
		A7D81F6D1A71B1C60093B935 /* CollectionViewCell.xib in Resources */ = {isa = PBXBuildFile; fileRef = A7D81F621A71B1C60093B935 /* CollectionViewCell.xib */; };
		A7D81F6E1A71B1C60093B935 /* CollectionViewCellThree.xib in Resources */ = {isa = PBXBuildFile; fileRef = A7D81F631A71B1C60093B935 /* CollectionViewCellThree.xib */; };
		A7D81F6F1A71B1C60093B935 /* CollectionViewCellTwo.xib in Resources */ = {isa = PBXBuildFile; fileRef = A7D81F641A71B1C60093B935 /* CollectionViewCellTwo.xib */; };
		A7D81F731A71B1C60093B935 /* InstagramCollectionViewController.m in Sources */ = {isa = PBXBuildFile; fileRef = A7D81F6B1A71B1C60093B935 /* InstagramCollectionViewController.m */; };
		A7D81F771A71B2350093B935 /* InstagramService.m in Sources */ = {isa = PBXBuildFile; fileRef = A7D81F761A71B2350093B935 /* InstagramService.m */; };
		A7D81F7C1A71D9270093B935 /* InstagramLoginViewController.m in Sources */ = {isa = PBXBuildFile; fileRef = A7D81F7B1A71D9270093B935 /* InstagramLoginViewController.m */; };
		A7D81F801A7227540093B935 /* InstagramUser.m in Sources */ = {isa = PBXBuildFile; fileRef = A7D81F7F1A7227540093B935 /* InstagramUser.m */; };
		A7D81F821A7313600093B935 /* placeholder.png in Resources */ = {isa = PBXBuildFile; fileRef = A7D81F811A7313600093B935 /* placeholder.png */; };
		A7D81F851A73176F0093B935 /* InstagramSelfie.m in Sources */ = {isa = PBXBuildFile; fileRef = A7D81F841A73176F0093B935 /* InstagramSelfie.m */; };
		A7D81FA91A7324460093B935 /* MKAnnotationView+WebCache.m in Sources */ = {isa = PBXBuildFile; fileRef = A7D81F891A7324460093B935 /* MKAnnotationView+WebCache.m */; };
		A7D81FAA1A7324460093B935 /* NSData+ImageContentType.m in Sources */ = {isa = PBXBuildFile; fileRef = A7D81F8B1A7324460093B935 /* NSData+ImageContentType.m */; };
		A7D81FAB1A7324460093B935 /* SDImageCache.m in Sources */ = {isa = PBXBuildFile; fileRef = A7D81F8D1A7324460093B935 /* SDImageCache.m */; };
		A7D81FAC1A7324460093B935 /* SDWebImageCompat.m in Sources */ = {isa = PBXBuildFile; fileRef = A7D81F8F1A7324460093B935 /* SDWebImageCompat.m */; };
		A7D81FAD1A7324460093B935 /* SDWebImageDecoder.m in Sources */ = {isa = PBXBuildFile; fileRef = A7D81F911A7324460093B935 /* SDWebImageDecoder.m */; };
		A7D81FAE1A7324460093B935 /* SDWebImageDownloader.m in Sources */ = {isa = PBXBuildFile; fileRef = A7D81F931A7324460093B935 /* SDWebImageDownloader.m */; };
		A7D81FAF1A7324460093B935 /* SDWebImageDownloaderOperation.m in Sources */ = {isa = PBXBuildFile; fileRef = A7D81F951A7324460093B935 /* SDWebImageDownloaderOperation.m */; };
		A7D81FB01A7324460093B935 /* SDWebImageManager.m in Sources */ = {isa = PBXBuildFile; fileRef = A7D81F971A7324460093B935 /* SDWebImageManager.m */; };
		A7D81FB11A7324460093B935 /* SDWebImagePrefetcher.m in Sources */ = {isa = PBXBuildFile; fileRef = A7D81F9A1A7324460093B935 /* SDWebImagePrefetcher.m */; };
		A7D81FB21A7324460093B935 /* UIButton+WebCache.m in Sources */ = {isa = PBXBuildFile; fileRef = A7D81F9C1A7324460093B935 /* UIButton+WebCache.m */; };
		A7D81FB31A7324460093B935 /* UIImage+GIF.m in Sources */ = {isa = PBXBuildFile; fileRef = A7D81F9E1A7324460093B935 /* UIImage+GIF.m */; };
		A7D81FB41A7324460093B935 /* UIImage+MultiFormat.m in Sources */ = {isa = PBXBuildFile; fileRef = A7D81FA01A7324460093B935 /* UIImage+MultiFormat.m */; };
		A7D81FB51A7324460093B935 /* UIImage+WebP.m in Sources */ = {isa = PBXBuildFile; fileRef = A7D81FA21A7324460093B935 /* UIImage+WebP.m */; };
		A7D81FB61A7324460093B935 /* UIImageView+HighlightedWebCache.m in Sources */ = {isa = PBXBuildFile; fileRef = A7D81FA41A7324460093B935 /* UIImageView+HighlightedWebCache.m */; };
		A7D81FB71A7324460093B935 /* UIImageView+WebCache.m in Sources */ = {isa = PBXBuildFile; fileRef = A7D81FA61A7324460093B935 /* UIImageView+WebCache.m */; };
		A7D81FB81A7324460093B935 /* UIView+WebCacheOperation.m in Sources */ = {isa = PBXBuildFile; fileRef = A7D81FA81A7324460093B935 /* UIView+WebCacheOperation.m */; };
/* End PBXBuildFile section */

/* Begin PBXContainerItemProxy section */
		A7A0D3491A714EA300814433 /* PBXContainerItemProxy */ = {
			isa = PBXContainerItemProxy;
			containerPortal = A7A0D31B1A714EA300814433 /* Project object */;
			proxyType = 1;
			remoteGlobalIDString = A7A0D3221A714EA300814433;
			remoteInfo = InstagramExercise;
		};
/* End PBXContainerItemProxy section */

/* Begin PBXFileReference section */
		A7A0D3231A714EA300814433 /* InstagramExercise.app */ = {isa = PBXFileReference; explicitFileType = wrapper.application; includeInIndex = 0; path = InstagramExercise.app; sourceTree = BUILT_PRODUCTS_DIR; };
		A7A0D3261A714EA300814433 /* Foundation.framework */ = {isa = PBXFileReference; lastKnownFileType = wrapper.framework; name = Foundation.framework; path = System/Library/Frameworks/Foundation.framework; sourceTree = SDKROOT; };
		A7A0D3281A714EA300814433 /* CoreGraphics.framework */ = {isa = PBXFileReference; lastKnownFileType = wrapper.framework; name = CoreGraphics.framework; path = System/Library/Frameworks/CoreGraphics.framework; sourceTree = SDKROOT; };
		A7A0D32A1A714EA300814433 /* UIKit.framework */ = {isa = PBXFileReference; lastKnownFileType = wrapper.framework; name = UIKit.framework; path = System/Library/Frameworks/UIKit.framework; sourceTree = SDKROOT; };
		A7A0D32E1A714EA300814433 /* InstagramExercise-Info.plist */ = {isa = PBXFileReference; lastKnownFileType = text.plist.xml; path = "InstagramExercise-Info.plist"; sourceTree = "<group>"; };
		A7A0D3301A714EA300814433 /* en */ = {isa = PBXFileReference; lastKnownFileType = text.plist.strings; name = en; path = en.lproj/InfoPlist.strings; sourceTree = "<group>"; };
		A7A0D3321A714EA300814433 /* main.m */ = {isa = PBXFileReference; lastKnownFileType = sourcecode.c.objc; path = main.m; sourceTree = "<group>"; };
		A7A0D3341A714EA300814433 /* InstagramExercise-Prefix.pch */ = {isa = PBXFileReference; lastKnownFileType = sourcecode.c.h; path = "InstagramExercise-Prefix.pch"; sourceTree = "<group>"; };
		A7A0D3351A714EA300814433 /* AppDelegate.h */ = {isa = PBXFileReference; lastKnownFileType = sourcecode.c.h; path = AppDelegate.h; sourceTree = "<group>"; };
		A7A0D3361A714EA300814433 /* AppDelegate.m */ = {isa = PBXFileReference; lastKnownFileType = sourcecode.c.objc; path = AppDelegate.m; sourceTree = "<group>"; };
		A7A0D3391A714EA300814433 /* Base */ = {isa = PBXFileReference; lastKnownFileType = file.storyboard; name = Base; path = Base.lproj/Main.storyboard; sourceTree = "<group>"; };
		A7A0D33E1A714EA300814433 /* Images.xcassets */ = {isa = PBXFileReference; lastKnownFileType = folder.assetcatalog; path = Images.xcassets; sourceTree = "<group>"; };
		A7A0D3441A714EA300814433 /* InstagramExerciseTests.xctest */ = {isa = PBXFileReference; explicitFileType = wrapper.cfbundle; includeInIndex = 0; path = InstagramExerciseTests.xctest; sourceTree = BUILT_PRODUCTS_DIR; };
		A7A0D3451A714EA300814433 /* XCTest.framework */ = {isa = PBXFileReference; lastKnownFileType = wrapper.framework; name = XCTest.framework; path = Library/Frameworks/XCTest.framework; sourceTree = DEVELOPER_DIR; };
		A7A0D34D1A714EA300814433 /* InstagramExerciseTests-Info.plist */ = {isa = PBXFileReference; lastKnownFileType = text.plist.xml; path = "InstagramExerciseTests-Info.plist"; sourceTree = "<group>"; };
		A7A0D34F1A714EA300814433 /* en */ = {isa = PBXFileReference; lastKnownFileType = text.plist.strings; name = en; path = en.lproj/InfoPlist.strings; sourceTree = "<group>"; };
		A7A0D3511A714EA300814433 /* InstagramExerciseTests.m */ = {isa = PBXFileReference; lastKnownFileType = sourcecode.c.objc; path = InstagramExerciseTests.m; sourceTree = "<group>"; };
		A7D81F601A71B1C60093B935 /* CollectionViewCell.h */ = {isa = PBXFileReference; fileEncoding = 4; lastKnownFileType = sourcecode.c.h; path = CollectionViewCell.h; sourceTree = "<group>"; };
		A7D81F611A71B1C60093B935 /* CollectionViewCell.m */ = {isa = PBXFileReference; fileEncoding = 4; lastKnownFileType = sourcecode.c.objc; path = CollectionViewCell.m; sourceTree = "<group>"; };
		A7D81F621A71B1C60093B935 /* CollectionViewCell.xib */ = {isa = PBXFileReference; fileEncoding = 4; lastKnownFileType = file.xib; path = CollectionViewCell.xib; sourceTree = "<group>"; };
		A7D81F631A71B1C60093B935 /* CollectionViewCellThree.xib */ = {isa = PBXFileReference; fileEncoding = 4; lastKnownFileType = file.xib; path = CollectionViewCellThree.xib; sourceTree = "<group>"; };
		A7D81F641A71B1C60093B935 /* CollectionViewCellTwo.xib */ = {isa = PBXFileReference; fileEncoding = 4; lastKnownFileType = file.xib; path = CollectionViewCellTwo.xib; sourceTree = "<group>"; };
		A7D81F6A1A71B1C60093B935 /* InstagramCollectionViewController.h */ = {isa = PBXFileReference; fileEncoding = 4; lastKnownFileType = sourcecode.c.h; path = InstagramCollectionViewController.h; sourceTree = "<group>"; };
		A7D81F6B1A71B1C60093B935 /* InstagramCollectionViewController.m */ = {isa = PBXFileReference; fileEncoding = 4; lastKnownFileType = sourcecode.c.objc; path = InstagramCollectionViewController.m; sourceTree = "<group>"; };
		A7D81F751A71B2350093B935 /* InstagramService.h */ = {isa = PBXFileReference; fileEncoding = 4; lastKnownFileType = sourcecode.c.h; path = InstagramService.h; sourceTree = "<group>"; };
		A7D81F761A71B2350093B935 /* InstagramService.m */ = {isa = PBXFileReference; fileEncoding = 4; lastKnownFileType = sourcecode.c.objc; path = InstagramService.m; sourceTree = "<group>"; };
		A7D81F791A71B3D50093B935 /* Constants.h */ = {isa = PBXFileReference; lastKnownFileType = sourcecode.c.h; path = Constants.h; sourceTree = "<group>"; };
		A7D81F7A1A71D9270093B935 /* InstagramLoginViewController.h */ = {isa = PBXFileReference; fileEncoding = 4; lastKnownFileType = sourcecode.c.h; path = InstagramLoginViewController.h; sourceTree = "<group>"; };
		A7D81F7B1A71D9270093B935 /* InstagramLoginViewController.m */ = {isa = PBXFileReference; fileEncoding = 4; lastKnownFileType = sourcecode.c.objc; path = InstagramLoginViewController.m; sourceTree = "<group>"; };
		A7D81F7E1A7227540093B935 /* InstagramUser.h */ = {isa = PBXFileReference; fileEncoding = 4; lastKnownFileType = sourcecode.c.h; path = InstagramUser.h; sourceTree = "<group>"; };
		A7D81F7F1A7227540093B935 /* InstagramUser.m */ = {isa = PBXFileReference; fileEncoding = 4; lastKnownFileType = sourcecode.c.objc; path = InstagramUser.m; sourceTree = "<group>"; };
		A7D81F811A7313600093B935 /* placeholder.png */ = {isa = PBXFileReference; lastKnownFileType = image.png; path = placeholder.png; sourceTree = "<group>"; };
		A7D81F831A73176F0093B935 /* InstagramSelfie.h */ = {isa = PBXFileReference; fileEncoding = 4; lastKnownFileType = sourcecode.c.h; path = InstagramSelfie.h; sourceTree = "<group>"; };
		A7D81F841A73176F0093B935 /* InstagramSelfie.m */ = {isa = PBXFileReference; fileEncoding = 4; lastKnownFileType = sourcecode.c.objc; path = InstagramSelfie.m; sourceTree = "<group>"; };
		A7D81F881A7324460093B935 /* MKAnnotationView+WebCache.h */ = {isa = PBXFileReference; fileEncoding = 4; lastKnownFileType = sourcecode.c.h; path = "MKAnnotationView+WebCache.h"; sourceTree = "<group>"; };
		A7D81F891A7324460093B935 /* MKAnnotationView+WebCache.m */ = {isa = PBXFileReference; fileEncoding = 4; lastKnownFileType = sourcecode.c.objc; path = "MKAnnotationView+WebCache.m"; sourceTree = "<group>"; };
		A7D81F8A1A7324460093B935 /* NSData+ImageContentType.h */ = {isa = PBXFileReference; fileEncoding = 4; lastKnownFileType = sourcecode.c.h; path = "NSData+ImageContentType.h"; sourceTree = "<group>"; };
		A7D81F8B1A7324460093B935 /* NSData+ImageContentType.m */ = {isa = PBXFileReference; fileEncoding = 4; lastKnownFileType = sourcecode.c.objc; path = "NSData+ImageContentType.m"; sourceTree = "<group>"; };
		A7D81F8C1A7324460093B935 /* SDImageCache.h */ = {isa = PBXFileReference; fileEncoding = 4; lastKnownFileType = sourcecode.c.h; path = SDImageCache.h; sourceTree = "<group>"; };
		A7D81F8D1A7324460093B935 /* SDImageCache.m */ = {isa = PBXFileReference; fileEncoding = 4; lastKnownFileType = sourcecode.c.objc; path = SDImageCache.m; sourceTree = "<group>"; };
		A7D81F8E1A7324460093B935 /* SDWebImageCompat.h */ = {isa = PBXFileReference; fileEncoding = 4; lastKnownFileType = sourcecode.c.h; path = SDWebImageCompat.h; sourceTree = "<group>"; };
		A7D81F8F1A7324460093B935 /* SDWebImageCompat.m */ = {isa = PBXFileReference; fileEncoding = 4; lastKnownFileType = sourcecode.c.objc; path = SDWebImageCompat.m; sourceTree = "<group>"; };
		A7D81F901A7324460093B935 /* SDWebImageDecoder.h */ = {isa = PBXFileReference; fileEncoding = 4; lastKnownFileType = sourcecode.c.h; path = SDWebImageDecoder.h; sourceTree = "<group>"; };
		A7D81F911A7324460093B935 /* SDWebImageDecoder.m */ = {isa = PBXFileReference; fileEncoding = 4; lastKnownFileType = sourcecode.c.objc; path = SDWebImageDecoder.m; sourceTree = "<group>"; };
		A7D81F921A7324460093B935 /* SDWebImageDownloader.h */ = {isa = PBXFileReference; fileEncoding = 4; lastKnownFileType = sourcecode.c.h; path = SDWebImageDownloader.h; sourceTree = "<group>"; };
		A7D81F931A7324460093B935 /* SDWebImageDownloader.m */ = {isa = PBXFileReference; fileEncoding = 4; lastKnownFileType = sourcecode.c.objc; path = SDWebImageDownloader.m; sourceTree = "<group>"; };
		A7D81F941A7324460093B935 /* SDWebImageDownloaderOperation.h */ = {isa = PBXFileReference; fileEncoding = 4; lastKnownFileType = sourcecode.c.h; path = SDWebImageDownloaderOperation.h; sourceTree = "<group>"; };
		A7D81F951A7324460093B935 /* SDWebImageDownloaderOperation.m */ = {isa = PBXFileReference; fileEncoding = 4; lastKnownFileType = sourcecode.c.objc; path = SDWebImageDownloaderOperation.m; sourceTree = "<group>"; };
		A7D81F961A7324460093B935 /* SDWebImageManager.h */ = {isa = PBXFileReference; fileEncoding = 4; lastKnownFileType = sourcecode.c.h; path = SDWebImageManager.h; sourceTree = "<group>"; };
		A7D81F971A7324460093B935 /* SDWebImageManager.m */ = {isa = PBXFileReference; fileEncoding = 4; lastKnownFileType = sourcecode.c.objc; path = SDWebImageManager.m; sourceTree = "<group>"; };
		A7D81F981A7324460093B935 /* SDWebImageOperation.h */ = {isa = PBXFileReference; fileEncoding = 4; lastKnownFileType = sourcecode.c.h; path = SDWebImageOperation.h; sourceTree = "<group>"; };
		A7D81F991A7324460093B935 /* SDWebImagePrefetcher.h */ = {isa = PBXFileReference; fileEncoding = 4; lastKnownFileType = sourcecode.c.h; path = SDWebImagePrefetcher.h; sourceTree = "<group>"; };
		A7D81F9A1A7324460093B935 /* SDWebImagePrefetcher.m */ = {isa = PBXFileReference; fileEncoding = 4; lastKnownFileType = sourcecode.c.objc; path = SDWebImagePrefetcher.m; sourceTree = "<group>"; };
		A7D81F9B1A7324460093B935 /* UIButton+WebCache.h */ = {isa = PBXFileReference; fileEncoding = 4; lastKnownFileType = sourcecode.c.h; path = "UIButton+WebCache.h"; sourceTree = "<group>"; };
		A7D81F9C1A7324460093B935 /* UIButton+WebCache.m */ = {isa = PBXFileReference; fileEncoding = 4; lastKnownFileType = sourcecode.c.objc; path = "UIButton+WebCache.m"; sourceTree = "<group>"; };
		A7D81F9D1A7324460093B935 /* UIImage+GIF.h */ = {isa = PBXFileReference; fileEncoding = 4; lastKnownFileType = sourcecode.c.h; path = "UIImage+GIF.h"; sourceTree = "<group>"; };
		A7D81F9E1A7324460093B935 /* UIImage+GIF.m */ = {isa = PBXFileReference; fileEncoding = 4; lastKnownFileType = sourcecode.c.objc; path = "UIImage+GIF.m"; sourceTree = "<group>"; };
		A7D81F9F1A7324460093B935 /* UIImage+MultiFormat.h */ = {isa = PBXFileReference; fileEncoding = 4; lastKnownFileType = sourcecode.c.h; path = "UIImage+MultiFormat.h"; sourceTree = "<group>"; };
		A7D81FA01A7324460093B935 /* UIImage+MultiFormat.m */ = {isa = PBXFileReference; fileEncoding = 4; lastKnownFileType = sourcecode.c.objc; path = "UIImage+MultiFormat.m"; sourceTree = "<group>"; };
		A7D81FA11A7324460093B935 /* UIImage+WebP.h */ = {isa = PBXFileReference; fileEncoding = 4; lastKnownFileType = sourcecode.c.h; path = "UIImage+WebP.h"; sourceTree = "<group>"; };
		A7D81FA21A7324460093B935 /* UIImage+WebP.m */ = {isa = PBXFileReference; fileEncoding = 4; lastKnownFileType = sourcecode.c.objc; path = "UIImage+WebP.m"; sourceTree = "<group>"; };
		A7D81FA31A7324460093B935 /* UIImageView+HighlightedWebCache.h */ = {isa = PBXFileReference; fileEncoding = 4; lastKnownFileType = sourcecode.c.h; path = "UIImageView+HighlightedWebCache.h"; sourceTree = "<group>"; };
		A7D81FA41A7324460093B935 /* UIImageView+HighlightedWebCache.m */ = {isa = PBXFileReference; fileEncoding = 4; lastKnownFileType = sourcecode.c.objc; path = "UIImageView+HighlightedWebCache.m"; sourceTree = "<group>"; };
		A7D81FA51A7324460093B935 /* UIImageView+WebCache.h */ = {isa = PBXFileReference; fileEncoding = 4; lastKnownFileType = sourcecode.c.h; path = "UIImageView+WebCache.h"; sourceTree = "<group>"; };
		A7D81FA61A7324460093B935 /* UIImageView+WebCache.m */ = {isa = PBXFileReference; fileEncoding = 4; lastKnownFileType = sourcecode.c.objc; path = "UIImageView+WebCache.m"; sourceTree = "<group>"; };
		A7D81FA71A7324460093B935 /* UIView+WebCacheOperation.h */ = {isa = PBXFileReference; fileEncoding = 4; lastKnownFileType = sourcecode.c.h; path = "UIView+WebCacheOperation.h"; sourceTree = "<group>"; };
		A7D81FA81A7324460093B935 /* UIView+WebCacheOperation.m */ = {isa = PBXFileReference; fileEncoding = 4; lastKnownFileType = sourcecode.c.objc; path = "UIView+WebCacheOperation.m"; sourceTree = "<group>"; };
/* End PBXFileReference section */

/* Begin PBXFrameworksBuildPhase section */
		A7A0D3201A714EA300814433 /* Frameworks */ = {
			isa = PBXFrameworksBuildPhase;
			buildActionMask = 2147483647;
			files = (
				A7A0D3291A714EA300814433 /* CoreGraphics.framework in Frameworks */,
				A7A0D32B1A714EA300814433 /* UIKit.framework in Frameworks */,
				A7A0D3271A714EA300814433 /* Foundation.framework in Frameworks */,
			);
			runOnlyForDeploymentPostprocessing = 0;
		};
		A7A0D3411A714EA300814433 /* Frameworks */ = {
			isa = PBXFrameworksBuildPhase;
			buildActionMask = 2147483647;
			files = (
				A7A0D3461A714EA300814433 /* XCTest.framework in Frameworks */,
				A7A0D3481A714EA300814433 /* UIKit.framework in Frameworks */,
				A7A0D3471A714EA300814433 /* Foundation.framework in Frameworks */,
			);
			runOnlyForDeploymentPostprocessing = 0;
		};
/* End PBXFrameworksBuildPhase section */

/* Begin PBXGroup section */
		A7A0D31A1A714EA300814433 = {
			isa = PBXGroup;
			children = (
				A7D81F861A7324460093B935 /* 3rdPartyFrameworks */,
				A7D81F781A71B34D0093B935 /* Constants */,
				A7D81F5F1A71B1C60093B935 /* CustomViews */,
				A7A0D32C1A714EA300814433 /* InstagramExercise */,
				A7D81F7D1A7227400093B935 /* Model */,
				A7D81F651A71B1C60093B935 /* Resources */,
				A7D81F741A71B2080093B935 /* SharedInstance */,
				A7D81F691A71B1C60093B935 /* ViewControllers */,
				A7A0D34B1A714EA300814433 /* InstagramExerciseTests */,
				A7A0D3251A714EA300814433 /* Frameworks */,
				A7A0D3241A714EA300814433 /* Products */,
			);
			sourceTree = "<group>";
		};
		A7A0D3241A714EA300814433 /* Products */ = {
			isa = PBXGroup;
			children = (
				A7A0D3231A714EA300814433 /* InstagramExercise.app */,
				A7A0D3441A714EA300814433 /* InstagramExerciseTests.xctest */,
			);
			name = Products;
			sourceTree = "<group>";
		};
		A7A0D3251A714EA300814433 /* Frameworks */ = {
			isa = PBXGroup;
			children = (
				A7A0D3261A714EA300814433 /* Foundation.framework */,
				A7A0D3281A714EA300814433 /* CoreGraphics.framework */,
				A7A0D32A1A714EA300814433 /* UIKit.framework */,
				A7A0D3451A714EA300814433 /* XCTest.framework */,
			);
			name = Frameworks;
			sourceTree = "<group>";
		};
		A7A0D32C1A714EA300814433 /* InstagramExercise */ = {
			isa = PBXGroup;
			children = (
				A7A0D3351A714EA300814433 /* AppDelegate.h */,
				A7A0D3361A714EA300814433 /* AppDelegate.m */,
				A7A0D3381A714EA300814433 /* Main.storyboard */,
				A7A0D33E1A714EA300814433 /* Images.xcassets */,
				A7A0D32D1A714EA300814433 /* Supporting Files */,
			);
			path = InstagramExercise;
			sourceTree = "<group>";
		};
		A7A0D32D1A714EA300814433 /* Supporting Files */ = {
			isa = PBXGroup;
			children = (
				A7A0D32E1A714EA300814433 /* InstagramExercise-Info.plist */,
				A7A0D32F1A714EA300814433 /* InfoPlist.strings */,
				A7A0D3321A714EA300814433 /* main.m */,
				A7A0D3341A714EA300814433 /* InstagramExercise-Prefix.pch */,
			);
			name = "Supporting Files";
			sourceTree = "<group>";
		};
		A7A0D34B1A714EA300814433 /* InstagramExerciseTests */ = {
			isa = PBXGroup;
			children = (
				A7A0D3511A714EA300814433 /* InstagramExerciseTests.m */,
				A7A0D34C1A714EA300814433 /* Supporting Files */,
			);
			path = InstagramExerciseTests;
			sourceTree = "<group>";
		};
		A7A0D34C1A714EA300814433 /* Supporting Files */ = {
			isa = PBXGroup;
			children = (
				A7A0D34D1A714EA300814433 /* InstagramExerciseTests-Info.plist */,
				A7A0D34E1A714EA300814433 /* InfoPlist.strings */,
			);
			name = "Supporting Files";
			sourceTree = "<group>";
		};
		A7D81F5F1A71B1C60093B935 /* CustomViews */ = {
			isa = PBXGroup;
			children = (
				A7D81F601A71B1C60093B935 /* CollectionViewCell.h */,
				A7D81F611A71B1C60093B935 /* CollectionViewCell.m */,
				A7D81F621A71B1C60093B935 /* CollectionViewCell.xib */,
				A7D81F641A71B1C60093B935 /* CollectionViewCellTwo.xib */,
				A7D81F631A71B1C60093B935 /* CollectionViewCellThree.xib */,
			);
			name = CustomViews;
			path = InstagramExercise/CustomViews;
			sourceTree = "<group>";
		};
		A7D81F651A71B1C60093B935 /* Resources */ = {
			isa = PBXGroup;
			children = (
				A7D81F811A7313600093B935 /* placeholder.png */,
			);
			name = Resources;
			path = InstagramExercise/Resources;
			sourceTree = "<group>";
		};
		A7D81F691A71B1C60093B935 /* ViewControllers */ = {
			isa = PBXGroup;
			children = (
				A7D81F6A1A71B1C60093B935 /* InstagramCollectionViewController.h */,
				A7D81F6B1A71B1C60093B935 /* InstagramCollectionViewController.m */,
				A7D81F7A1A71D9270093B935 /* InstagramLoginViewController.h */,
				A7D81F7B1A71D9270093B935 /* InstagramLoginViewController.m */,
			);
			name = ViewControllers;
			path = InstagramExercise/ViewControllers;
			sourceTree = "<group>";
		};
		A7D81F741A71B2080093B935 /* SharedInstance */ = {
			isa = PBXGroup;
			children = (
				A7D81F751A71B2350093B935 /* InstagramService.h */,
				A7D81F761A71B2350093B935 /* InstagramService.m */,
			);
			name = SharedInstance;
			path = InstagramExercise/SharedInstance;
			sourceTree = "<group>";
		};
		A7D81F781A71B34D0093B935 /* Constants */ = {
			isa = PBXGroup;
			children = (
				A7D81F791A71B3D50093B935 /* Constants.h */,
			);
			name = Constants;
			path = InstagramExercise/Constants;
			sourceTree = "<group>";
		};
		A7D81F7D1A7227400093B935 /* Model */ = {
			isa = PBXGroup;
			children = (
				A7D81F7E1A7227540093B935 /* InstagramUser.h */,
				A7D81F7F1A7227540093B935 /* InstagramUser.m */,
				A7D81F831A73176F0093B935 /* InstagramSelfie.h */,
				A7D81F841A73176F0093B935 /* InstagramSelfie.m */,
			);
			name = Model;
			path = InstagramExercise/Model;
			sourceTree = "<group>";
		};
		A7D81F861A7324460093B935 /* 3rdPartyFrameworks */ = {
			isa = PBXGroup;
			children = (
				A7D81F871A7324460093B935 /* SDWebImage */,
			);
			name = 3rdPartyFrameworks;
			path = InstagramExercise/3rdPartyFrameworks;
			sourceTree = "<group>";
		};
		A7D81F871A7324460093B935 /* SDWebImage */ = {
			isa = PBXGroup;
			children = (
				A7D81F881A7324460093B935 /* MKAnnotationView+WebCache.h */,
				A7D81F891A7324460093B935 /* MKAnnotationView+WebCache.m */,
				A7D81F8A1A7324460093B935 /* NSData+ImageContentType.h */,
				A7D81F8B1A7324460093B935 /* NSData+ImageContentType.m */,
				A7D81F8C1A7324460093B935 /* SDImageCache.h */,
				A7D81F8D1A7324460093B935 /* SDImageCache.m */,
				A7D81F8E1A7324460093B935 /* SDWebImageCompat.h */,
				A7D81F8F1A7324460093B935 /* SDWebImageCompat.m */,
				A7D81F901A7324460093B935 /* SDWebImageDecoder.h */,
				A7D81F911A7324460093B935 /* SDWebImageDecoder.m */,
				A7D81F921A7324460093B935 /* SDWebImageDownloader.h */,
				A7D81F931A7324460093B935 /* SDWebImageDownloader.m */,
				A7D81F941A7324460093B935 /* SDWebImageDownloaderOperation.h */,
				A7D81F951A7324460093B935 /* SDWebImageDownloaderOperation.m */,
				A7D81F961A7324460093B935 /* SDWebImageManager.h */,
				A7D81F971A7324460093B935 /* SDWebImageManager.m */,
				A7D81F981A7324460093B935 /* SDWebImageOperation.h */,
				A7D81F991A7324460093B935 /* SDWebImagePrefetcher.h */,
				A7D81F9A1A7324460093B935 /* SDWebImagePrefetcher.m */,
				A7D81F9B1A7324460093B935 /* UIButton+WebCache.h */,
				A7D81F9C1A7324460093B935 /* UIButton+WebCache.m */,
				A7D81F9D1A7324460093B935 /* UIImage+GIF.h */,
				A7D81F9E1A7324460093B935 /* UIImage+GIF.m */,
				A7D81F9F1A7324460093B935 /* UIImage+MultiFormat.h */,
				A7D81FA01A7324460093B935 /* UIImage+MultiFormat.m */,
				A7D81FA11A7324460093B935 /* UIImage+WebP.h */,
				A7D81FA21A7324460093B935 /* UIImage+WebP.m */,
				A7D81FA31A7324460093B935 /* UIImageView+HighlightedWebCache.h */,
				A7D81FA41A7324460093B935 /* UIImageView+HighlightedWebCache.m */,
				A7D81FA51A7324460093B935 /* UIImageView+WebCache.h */,
				A7D81FA61A7324460093B935 /* UIImageView+WebCache.m */,
				A7D81FA71A7324460093B935 /* UIView+WebCacheOperation.h */,
				A7D81FA81A7324460093B935 /* UIView+WebCacheOperation.m */,
			);
			path = SDWebImage;
			sourceTree = "<group>";
		};
/* End PBXGroup section */

/* Begin PBXNativeTarget section */
		A7A0D3221A714EA300814433 /* InstagramExercise */ = {
			isa = PBXNativeTarget;
			buildConfigurationList = A7A0D3551A714EA300814433 /* Build configuration list for PBXNativeTarget "InstagramExercise" */;
			buildPhases = (
				A7A0D31F1A714EA300814433 /* Sources */,
				A7A0D3201A714EA300814433 /* Frameworks */,
				A7A0D3211A714EA300814433 /* Resources */,
			);
			buildRules = (
			);
			dependencies = (
			);
			name = InstagramExercise;
			productName = InstagramExercise;
			productReference = A7A0D3231A714EA300814433 /* InstagramExercise.app */;
			productType = "com.apple.product-type.application";
		};
		A7A0D3431A714EA300814433 /* InstagramExerciseTests */ = {
			isa = PBXNativeTarget;
			buildConfigurationList = A7A0D3581A714EA300814433 /* Build configuration list for PBXNativeTarget "InstagramExerciseTests" */;
			buildPhases = (
				A7A0D3401A714EA300814433 /* Sources */,
				A7A0D3411A714EA300814433 /* Frameworks */,
				A7A0D3421A714EA300814433 /* Resources */,
			);
			buildRules = (
			);
			dependencies = (
				A7A0D34A1A714EA300814433 /* PBXTargetDependency */,
			);
			name = InstagramExerciseTests;
			productName = InstagramExerciseTests;
			productReference = A7A0D3441A714EA300814433 /* InstagramExerciseTests.xctest */;
			productType = "com.apple.product-type.bundle.unit-test";
		};
/* End PBXNativeTarget section */

/* Begin PBXProject section */
		A7A0D31B1A714EA300814433 /* Project object */ = {
			isa = PBXProject;
			attributes = {
				LastUpgradeCheck = 0510;
				ORGANIZATIONNAME = "Karim Abdul";
				TargetAttributes = {
					A7A0D3431A714EA300814433 = {
						TestTargetID = A7A0D3221A714EA300814433;
					};
				};
			};
			buildConfigurationList = A7A0D31E1A714EA300814433 /* Build configuration list for PBXProject "InstagramExercise" */;
			compatibilityVersion = "Xcode 3.2";
			developmentRegion = English;
			hasScannedForEncodings = 0;
			knownRegions = (
				en,
				Base,
			);
			mainGroup = A7A0D31A1A714EA300814433;
			productRefGroup = A7A0D3241A714EA300814433 /* Products */;
			projectDirPath = "";
			projectRoot = "";
			targets = (
				A7A0D3221A714EA300814433 /* InstagramExercise */,
				A7A0D3431A714EA300814433 /* InstagramExerciseTests */,
			);
		};
/* End PBXProject section */

/* Begin PBXResourcesBuildPhase section */
		A7A0D3211A714EA300814433 /* Resources */ = {
			isa = PBXResourcesBuildPhase;
			buildActionMask = 2147483647;
			files = (
				A7A0D33F1A714EA300814433 /* Images.xcassets in Resources */,
				A7D81F6F1A71B1C60093B935 /* CollectionViewCellTwo.xib in Resources */,
				A7A0D3311A714EA300814433 /* InfoPlist.strings in Resources */,
				A7D81F6D1A71B1C60093B935 /* CollectionViewCell.xib in Resources */,
				A7D81F821A7313600093B935 /* placeholder.png in Resources */,
				A7A0D33A1A714EA300814433 /* Main.storyboard in Resources */,
				A7D81F6E1A71B1C60093B935 /* CollectionViewCellThree.xib in Resources */,
			);
			runOnlyForDeploymentPostprocessing = 0;
		};
		A7A0D3421A714EA300814433 /* Resources */ = {
			isa = PBXResourcesBuildPhase;
			buildActionMask = 2147483647;
			files = (
				A7A0D3501A714EA300814433 /* InfoPlist.strings in Resources */,
			);
			runOnlyForDeploymentPostprocessing = 0;
		};
/* End PBXResourcesBuildPhase section */

/* Begin PBXSourcesBuildPhase section */
		A7A0D31F1A714EA300814433 /* Sources */ = {
			isa = PBXSourcesBuildPhase;
			buildActionMask = 2147483647;
			files = (
				A7D81FAD1A7324460093B935 /* SDWebImageDecoder.m in Sources */,
				A7D81FB01A7324460093B935 /* SDWebImageManager.m in Sources */,
				A7D81FAA1A7324460093B935 /* NSData+ImageContentType.m in Sources */,
				A7D81FAC1A7324460093B935 /* SDWebImageCompat.m in Sources */,
				A7D81FB81A7324460093B935 /* UIView+WebCacheOperation.m in Sources */,
				A7D81FB51A7324460093B935 /* UIImage+WebP.m in Sources */,
				A7D81F6C1A71B1C60093B935 /* CollectionViewCell.m in Sources */,
				A7D81FB61A7324460093B935 /* UIImageView+HighlightedWebCache.m in Sources */,
				A7D81F801A7227540093B935 /* InstagramUser.m in Sources */,
				A7D81F851A73176F0093B935 /* InstagramSelfie.m in Sources */,
				A7D81FB21A7324460093B935 /* UIButton+WebCache.m in Sources */,
				A7D81FB11A7324460093B935 /* SDWebImagePrefetcher.m in Sources */,
				A7D81FAF1A7324460093B935 /* SDWebImageDownloaderOperation.m in Sources */,
				A7D81F7C1A71D9270093B935 /* InstagramLoginViewController.m in Sources */,
				A7A0D3371A714EA300814433 /* AppDelegate.m in Sources */,
				A7D81FB41A7324460093B935 /* UIImage+MultiFormat.m in Sources */,
				A7A0D3331A714EA300814433 /* main.m in Sources */,
				A7D81FAB1A7324460093B935 /* SDImageCache.m in Sources */,
				A7D81F731A71B1C60093B935 /* InstagramCollectionViewController.m in Sources */,
				A7D81F771A71B2350093B935 /* InstagramService.m in Sources */,
				A7D81FB31A7324460093B935 /* UIImage+GIF.m in Sources */,
				A7D81FAE1A7324460093B935 /* SDWebImageDownloader.m in Sources */,
				A7D81FB71A7324460093B935 /* UIImageView+WebCache.m in Sources */,
				A7D81FA91A7324460093B935 /* MKAnnotationView+WebCache.m in Sources */,
			);
			runOnlyForDeploymentPostprocessing = 0;
		};
		A7A0D3401A714EA300814433 /* Sources */ = {
			isa = PBXSourcesBuildPhase;
			buildActionMask = 2147483647;
			files = (
				A7A0D3521A714EA300814433 /* InstagramExerciseTests.m in Sources */,
			);
			runOnlyForDeploymentPostprocessing = 0;
		};
/* End PBXSourcesBuildPhase section */

/* Begin PBXTargetDependency section */
		A7A0D34A1A714EA300814433 /* PBXTargetDependency */ = {
			isa = PBXTargetDependency;
			target = A7A0D3221A714EA300814433 /* InstagramExercise */;
			targetProxy = A7A0D3491A714EA300814433 /* PBXContainerItemProxy */;
		};
/* End PBXTargetDependency section */

/* Begin PBXVariantGroup section */
		A7A0D32F1A714EA300814433 /* InfoPlist.strings */ = {
			isa = PBXVariantGroup;
			children = (
				A7A0D3301A714EA300814433 /* en */,
			);
			name = InfoPlist.strings;
			sourceTree = "<group>";
		};
		A7A0D3381A714EA300814433 /* Main.storyboard */ = {
			isa = PBXVariantGroup;
			children = (
				A7A0D3391A714EA300814433 /* Base */,
			);
			name = Main.storyboard;
			sourceTree = "<group>";
		};
		A7A0D34E1A714EA300814433 /* InfoPlist.strings */ = {
			isa = PBXVariantGroup;
			children = (
				A7A0D34F1A714EA300814433 /* en */,
			);
			name = InfoPlist.strings;
			sourceTree = "<group>";
		};
/* End PBXVariantGroup section */

/* Begin XCBuildConfiguration section */
		A7A0D3531A714EA300814433 /* Debug */ = {
			isa = XCBuildConfiguration;
			buildSettings = {
				ALWAYS_SEARCH_USER_PATHS = NO;
				CLANG_CXX_LANGUAGE_STANDARD = "gnu++0x";
				CLANG_CXX_LIBRARY = "libc++";
				CLANG_ENABLE_MODULES = YES;
				CLANG_ENABLE_OBJC_ARC = YES;
				CLANG_WARN_BOOL_CONVERSION = YES;
				CLANG_WARN_CONSTANT_CONVERSION = YES;
				CLANG_WARN_DIRECT_OBJC_ISA_USAGE = YES_ERROR;
				CLANG_WARN_EMPTY_BODY = YES;
				CLANG_WARN_ENUM_CONVERSION = YES;
				CLANG_WARN_INT_CONVERSION = YES;
				CLANG_WARN_OBJC_ROOT_CLASS = YES_ERROR;
				CLANG_WARN__DUPLICATE_METHOD_MATCH = YES;
				"CODE_SIGN_IDENTITY[sdk=iphoneos*]" = "iPhone Developer";
				COPY_PHASE_STRIP = NO;
				GCC_C_LANGUAGE_STANDARD = gnu99;
				GCC_DYNAMIC_NO_PIC = NO;
				GCC_OPTIMIZATION_LEVEL = 0;
				GCC_PREPROCESSOR_DEFINITIONS = (
					"DEBUG=1",
					"$(inherited)",
				);
				GCC_SYMBOLS_PRIVATE_EXTERN = NO;
				GCC_WARN_64_TO_32_BIT_CONVERSION = YES;
				GCC_WARN_ABOUT_RETURN_TYPE = YES_ERROR;
				GCC_WARN_UNDECLARED_SELECTOR = YES;
				GCC_WARN_UNINITIALIZED_AUTOS = YES_AGGRESSIVE;
				GCC_WARN_UNUSED_FUNCTION = YES;
				GCC_WARN_UNUSED_VARIABLE = YES;
				IPHONEOS_DEPLOYMENT_TARGET = 7.1;
				ONLY_ACTIVE_ARCH = YES;
				SDKROOT = iphoneos;
			};
			name = Debug;
		};
		A7A0D3541A714EA300814433 /* Release */ = {
			isa = XCBuildConfiguration;
			buildSettings = {
				ALWAYS_SEARCH_USER_PATHS = NO;
				CLANG_CXX_LANGUAGE_STANDARD = "gnu++0x";
				CLANG_CXX_LIBRARY = "libc++";
				CLANG_ENABLE_MODULES = YES;
				CLANG_ENABLE_OBJC_ARC = YES;
				CLANG_WARN_BOOL_CONVERSION = YES;
				CLANG_WARN_CONSTANT_CONVERSION = YES;
				CLANG_WARN_DIRECT_OBJC_ISA_USAGE = YES_ERROR;
				CLANG_WARN_EMPTY_BODY = YES;
				CLANG_WARN_ENUM_CONVERSION = YES;
				CLANG_WARN_INT_CONVERSION = YES;
				CLANG_WARN_OBJC_ROOT_CLASS = YES_ERROR;
				CLANG_WARN__DUPLICATE_METHOD_MATCH = YES;
				"CODE_SIGN_IDENTITY[sdk=iphoneos*]" = "iPhone Developer";
				COPY_PHASE_STRIP = YES;
				ENABLE_NS_ASSERTIONS = NO;
				GCC_C_LANGUAGE_STANDARD = gnu99;
				GCC_WARN_64_TO_32_BIT_CONVERSION = YES;
				GCC_WARN_ABOUT_RETURN_TYPE = YES_ERROR;
				GCC_WARN_UNDECLARED_SELECTOR = YES;
				GCC_WARN_UNINITIALIZED_AUTOS = YES_AGGRESSIVE;
				GCC_WARN_UNUSED_FUNCTION = YES;
				GCC_WARN_UNUSED_VARIABLE = YES;
				IPHONEOS_DEPLOYMENT_TARGET = 7.1;
				SDKROOT = iphoneos;
				VALIDATE_PRODUCT = YES;
			};
			name = Release;
		};
		A7A0D3561A714EA300814433 /* Debug */ = {
			isa = XCBuildConfiguration;
			buildSettings = {
				ASSETCATALOG_COMPILER_APPICON_NAME = AppIcon;
				ASSETCATALOG_COMPILER_LAUNCHIMAGE_NAME = LaunchImage;
				GCC_PRECOMPILE_PREFIX_HEADER = YES;
				GCC_PREFIX_HEADER = "InstagramExercise/InstagramExercise-Prefix.pch";
				INFOPLIST_FILE = "InstagramExercise/InstagramExercise-Info.plist";
				IPHONEOS_DEPLOYMENT_TARGET = 8.1;
				PRODUCT_NAME = "$(TARGET_NAME)";
				WRAPPER_EXTENSION = app;
			};
			name = Debug;
		};
		A7A0D3571A714EA300814433 /* Release */ = {
			isa = XCBuildConfiguration;
			buildSettings = {
				ASSETCATALOG_COMPILER_APPICON_NAME = AppIcon;
				ASSETCATALOG_COMPILER_LAUNCHIMAGE_NAME = LaunchImage;
				GCC_PRECOMPILE_PREFIX_HEADER = YES;
				GCC_PREFIX_HEADER = "InstagramExercise/InstagramExercise-Prefix.pch";
				INFOPLIST_FILE = "InstagramExercise/InstagramExercise-Info.plist";
				IPHONEOS_DEPLOYMENT_TARGET = 8.1;
				PRODUCT_NAME = "$(TARGET_NAME)";
				WRAPPER_EXTENSION = app;
			};
			name = Release;
		};
		A7A0D3591A714EA300814433 /* Debug */ = {
			isa = XCBuildConfiguration;
			buildSettings = {
				BUNDLE_LOADER = "$(BUILT_PRODUCTS_DIR)/InstagramExercise.app/InstagramExercise";
				FRAMEWORK_SEARCH_PATHS = (
					"$(SDKROOT)/Developer/Library/Frameworks",
					"$(inherited)",
					"$(DEVELOPER_FRAMEWORKS_DIR)",
				);
				GCC_PRECOMPILE_PREFIX_HEADER = YES;
				GCC_PREFIX_HEADER = "InstagramExercise/InstagramExercise-Prefix.pch";
				GCC_PREPROCESSOR_DEFINITIONS = (
					"DEBUG=1",
					"$(inherited)",
				);
				INFOPLIST_FILE = "InstagramExerciseTests/InstagramExerciseTests-Info.plist";
				PRODUCT_NAME = "$(TARGET_NAME)";
				TEST_HOST = "$(BUNDLE_LOADER)";
				WRAPPER_EXTENSION = xctest;
			};
			name = Debug;
		};
		A7A0D35A1A714EA300814433 /* Release */ = {
			isa = XCBuildConfiguration;
			buildSettings = {
				BUNDLE_LOADER = "$(BUILT_PRODUCTS_DIR)/InstagramExercise.app/InstagramExercise";
				FRAMEWORK_SEARCH_PATHS = (
					"$(SDKROOT)/Developer/Library/Frameworks",
					"$(inherited)",
					"$(DEVELOPER_FRAMEWORKS_DIR)",
				);
				GCC_PRECOMPILE_PREFIX_HEADER = YES;
				GCC_PREFIX_HEADER = "InstagramExercise/InstagramExercise-Prefix.pch";
				INFOPLIST_FILE = "InstagramExerciseTests/InstagramExerciseTests-Info.plist";
				PRODUCT_NAME = "$(TARGET_NAME)";
				TEST_HOST = "$(BUNDLE_LOADER)";
				WRAPPER_EXTENSION = xctest;
			};
			name = Release;
		};
/* End XCBuildConfiguration section */

/* Begin XCConfigurationList section */
		A7A0D31E1A714EA300814433 /* Build configuration list for PBXProject "InstagramExercise" */ = {
			isa = XCConfigurationList;
			buildConfigurations = (
				A7A0D3531A714EA300814433 /* Debug */,
				A7A0D3541A714EA300814433 /* Release */,
			);
			defaultConfigurationIsVisible = 0;
			defaultConfigurationName = Release;
		};
		A7A0D3551A714EA300814433 /* Build configuration list for PBXNativeTarget "InstagramExercise" */ = {
			isa = XCConfigurationList;
			buildConfigurations = (
				A7A0D3561A714EA300814433 /* Debug */,
				A7A0D3571A714EA300814433 /* Release */,
			);
			defaultConfigurationIsVisible = 0;
			defaultConfigurationName = Release;
		};
		A7A0D3581A714EA300814433 /* Build configuration list for PBXNativeTarget "InstagramExerciseTests" */ = {
			isa = XCConfigurationList;
			buildConfigurations = (
				A7A0D3591A714EA300814433 /* Debug */,
				A7A0D35A1A714EA300814433 /* Release */,
			);
			defaultConfigurationIsVisible = 0;
			defaultConfigurationName = Release;
		};
/* End XCConfigurationList section */
	};
	rootObject = A7A0D31B1A714EA300814433 /* Project object */;
}
